
Microsoft Visual Studio Solution File, Format Version 12.00
# Visual Studio Version 16
VisualStudioVersion = 16.0.31515.178
MinimumVisualStudioVersion = 10.0.40219.1
Project("{9A19103F-16F7-4668-BE54-9A1E7A4F7556}") = "OriontekTest.Api", "OriontekTest.Api.csproj", "{1EBB3F23-0A71-422E-B389-73F49B5DDD40}"
EndProject
Project("{9A19103F-16F7-4668-BE54-9A1E7A4F7556}") = "OriontekTest.DataAccess", "..\OriontekTest.DataAccess\OriontekTest.DataAccess.csproj", "{EB90D8F4-59CC-41E7-9CCB-BD8E4B7CABF3}"
EndProject
Project("{9A19103F-16F7-4668-BE54-9A1E7A4F7556}") = "OriontekTest.Services", "..\OriontekTest.Services\OriontekTest.Services.csproj", "{16A53EBD-0524-43B9-BD2F-9925BDE144F1}"
EndProject
Project("{FAE04EC0-301F-11D3-BF4B-00C04F79EFBC}") = "OriontekTest.Domains", "..\OriontekTest.Domains\OriontekTest.Domains.csproj", "{6BF57C38-6285-4263-87DF-3957EA552D7E}"
EndProject
Global
	GlobalSection(SolutionConfigurationPlatforms) = preSolution
		Debug|Any CPU = Debug|Any CPU
		Release|Any CPU = Release|Any CPU
	EndGlobalSection
	GlobalSection(ProjectConfigurationPlatforms) = postSolution
		{1EBB3F23-0A71-422E-B389-73F49B5DDD40}.Debug|Any CPU.ActiveCfg = Debug|Any CPU
		{1EBB3F23-0A71-422E-B389-73F49B5DDD40}.Debug|Any CPU.Build.0 = Debug|Any CPU
		{1EBB3F23-0A71-422E-B389-73F49B5DDD40}.Release|Any CPU.ActiveCfg = Release|Any CPU
		{1EBB3F23-0A71-422E-B389-73F49B5DDD40}.Release|Any CPU.Build.0 = Release|Any CPU
		{EB90D8F4-59CC-41E7-9CCB-BD8E4B7CABF3}.Debug|Any CPU.ActiveCfg = Debug|Any CPU
		{EB90D8F4-59CC-41E7-9CCB-BD8E4B7CABF3}.Debug|Any CPU.Build.0 = Debug|Any CPU
		{EB90D8F4-59CC-41E7-9CCB-BD8E4B7CABF3}.Release|Any CPU.ActiveCfg = Release|Any CPU
		{EB90D8F4-59CC-41E7-9CCB-BD8E4B7CABF3}.Release|Any CPU.Build.0 = Release|Any CPU
		{16A53EBD-0524-43B9-BD2F-9925BDE144F1}.Debug|Any CPU.ActiveCfg = Debug|Any CPU
		{16A53EBD-0524-43B9-BD2F-9925BDE144F1}.Debug|Any CPU.Build.0 = Debug|Any CPU
		{16A53EBD-0524-43B9-BD2F-9925BDE144F1}.Release|Any CPU.ActiveCfg = Release|Any CPU
		{16A53EBD-0524-43B9-BD2F-9925BDE144F1}.Release|Any CPU.Build.0 = Release|Any CPU
		{6BF57C38-6285-4263-87DF-3957EA552D7E}.Debug|Any CPU.ActiveCfg = Debug|Any CPU
		{6BF57C38-6285-4263-87DF-3957EA552D7E}.Debug|Any CPU.Build.0 = Debug|Any CPU
		{6BF57C38-6285-4263-87DF-3957EA552D7E}.Release|Any CPU.ActiveCfg = Release|Any CPU
		{6BF57C38-6285-4263-87DF-3957EA552D7E}.Release|Any CPU.Build.0 = Release|Any CPU
	EndGlobalSection
	GlobalSection(SolutionProperties) = preSolution
		HideSolutionNode = FALSE
	EndGlobalSection
	GlobalSection(ExtensibilityGlobals) = postSolution
		SolutionGuid = {0B1EC882-4FC9-4244-80C0-60DE7525F7F7}
	EndGlobalSection
EndGlobal
